
Microsoft Visual Studio Solution File, Format Version 12.00
# Visual Studio Version 17
VisualStudioVersion = 17.4.33213.308
MinimumVisualStudioVersion = 10.0.40219.1
Project("{FAE04EC0-301F-11D3-BF4B-00C04F79EFBC}") = "ProductApi", "ProductApi\ProductApi.csproj", "{139C6C71-EDF7-4900-92A8-68710E94325C}"
EndProject
Project("{FAE04EC0-301F-11D3-BF4B-00C04F79EFBC}") = "ProductApi.Base", "ProductApi.Base\ProductApi.Base.csproj", "{6AAB42BA-3B6B-4460-9E4F-0BFD54EAA1DF}"
EndProject
Project("{FAE04EC0-301F-11D3-BF4B-00C04F79EFBC}") = "ProductApi.Data", "ProductApi.Data\ProductApi.Data.csproj", "{A378CFED-84F1-4D9A-8B6D-A80EAE31C80B}"
EndProject
Project("{FAE04EC0-301F-11D3-BF4B-00C04F79EFBC}") = "ProductApi.Dto", "ProductApi.Dto\ProductApi.Dto.csproj", "{36C407F1-5EDA-4145-B14B-97A7457AC787}"
EndProject
Project("{FAE04EC0-301F-11D3-BF4B-00C04F79EFBC}") = "ProductApi.Service", "ProductApi.Service\ProductApi.Service.csproj", "{60625292-7C17-4EFD-BDE3-978C71B6A8A9}"
EndProject
Global
	GlobalSection(SolutionConfigurationPlatforms) = preSolution
		Debug|Any CPU = Debug|Any CPU
		Release|Any CPU = Release|Any CPU
	EndGlobalSection
	GlobalSection(ProjectConfigurationPlatforms) = postSolution
		{139C6C71-EDF7-4900-92A8-68710E94325C}.Debug|Any CPU.ActiveCfg = Debug|Any CPU
		{139C6C71-EDF7-4900-92A8-68710E94325C}.Debug|Any CPU.Build.0 = Debug|Any CPU
		{139C6C71-EDF7-4900-92A8-68710E94325C}.Release|Any CPU.ActiveCfg = Release|Any CPU
		{139C6C71-EDF7-4900-92A8-68710E94325C}.Release|Any CPU.Build.0 = Release|Any CPU
		{6AAB42BA-3B6B-4460-9E4F-0BFD54EAA1DF}.Debug|Any CPU.ActiveCfg = Debug|Any CPU
		{6AAB42BA-3B6B-4460-9E4F-0BFD54EAA1DF}.Debug|Any CPU.Build.0 = Debug|Any CPU
		{6AAB42BA-3B6B-4460-9E4F-0BFD54EAA1DF}.Release|Any CPU.ActiveCfg = Release|Any CPU
		{6AAB42BA-3B6B-4460-9E4F-0BFD54EAA1DF}.Release|Any CPU.Build.0 = Release|Any CPU
		{A378CFED-84F1-4D9A-8B6D-A80EAE31C80B}.Debug|Any CPU.ActiveCfg = Debug|Any CPU
		{A378CFED-84F1-4D9A-8B6D-A80EAE31C80B}.Debug|Any CPU.Build.0 = Debug|Any CPU
		{A378CFED-84F1-4D9A-8B6D-A80EAE31C80B}.Release|Any CPU.ActiveCfg = Release|Any CPU
		{A378CFED-84F1-4D9A-8B6D-A80EAE31C80B}.Release|Any CPU.Build.0 = Release|Any CPU
		{36C407F1-5EDA-4145-B14B-97A7457AC787}.Debug|Any CPU.ActiveCfg = Debug|Any CPU
		{36C407F1-5EDA-4145-B14B-97A7457AC787}.Debug|Any CPU.Build.0 = Debug|Any CPU
		{36C407F1-5EDA-4145-B14B-97A7457AC787}.Release|Any CPU.ActiveCfg = Release|Any CPU
		{36C407F1-5EDA-4145-B14B-97A7457AC787}.Release|Any CPU.Build.0 = Release|Any CPU
		{60625292-7C17-4EFD-BDE3-978C71B6A8A9}.Debug|Any CPU.ActiveCfg = Debug|Any CPU
		{60625292-7C17-4EFD-BDE3-978C71B6A8A9}.Debug|Any CPU.Build.0 = Debug|Any CPU
		{60625292-7C17-4EFD-BDE3-978C71B6A8A9}.Release|Any CPU.ActiveCfg = Release|Any CPU
		{60625292-7C17-4EFD-BDE3-978C71B6A8A9}.Release|Any CPU.Build.0 = Release|Any CPU
	EndGlobalSection
	GlobalSection(SolutionProperties) = preSolution
		HideSolutionNode = FALSE
	EndGlobalSection
	GlobalSection(ExtensibilityGlobals) = postSolution
		SolutionGuid = {10B5DFBE-92C0-4691-A0DA-8E59E195ED82}
	EndGlobalSection
EndGlobal
